lockfileVersion: '6.0'

settings:
  autoInstallPeers: true
  excludeLinksFromLockfile: false

dependencies:
  '@napi-rs/canvas':
    specifier: ^0.1.41
    version: 0.1.41

packages:

  /@napi-rs/canvas-android-arm64@0.1.41:
    resolution: {integrity: sha512-hPYeFbgusSK9g6TxYXH4bKFGkH9Win7hP83HNw1ZiOS1xY16jw6xEEPzkIbKLIJDlDOIXuZ+s2mey4JE0n0GZA==}
    engines: {node: '>= 10'}
    cpu: [arm64]
    os: [android]
    requiresBuild: true
    dev: false
    optional: true

  /@napi-rs/canvas-darwin-arm64@0.1.41:
    resolution: {integrity: sha512-tBkzCYOQWfKmMyHVyPGhBKyowH8mcdfy79Hcv+jQb+XIrxx+JmINmlEl7jfNhYLjejM9mar+ZRe+FXqQTlq45g==}
    engines: {node: '>= 10'}
    cpu: [arm64]
    os: [darwin]
    requiresBuild: true
    dev: false
    optional: true

  /@napi-rs/canvas-darwin-x64@0.1.41:
    resolution: {integrity: sha512-n1/F47ymTtgEAMKYGKBquF4a2MKxOT7LRa3u5Beto2nxgB4OvTfp1wLo7QjihLBPUVEZSpnCy8JZhpKC2S9fUw==}
    engines: {node: '>= 10'}
    cpu: [x64]
    os: [darwin]
    requiresBuild: true
    dev: false
    optional: true

  /@napi-rs/canvas-linux-arm-gnueabihf@0.1.41:
    resolution: {integrity: sha512-XjhWsuCX/MMTuLLvXhKAaZzTRdgqaL4laaEw5NoCIihg4pLyFcok+bD2LQoMcOJC/ATbRfm8cprqgVzncfszLA==}
    engines: {node: '>= 10'}
    cpu: [arm]
    os: [linux]
    requiresBuild: true
    dev: false
    optional: true

  /@napi-rs/canvas-linux-arm64-gnu@0.1.41:
    resolution: {integrity: sha512-kY5caBtSrUox8G5DKnNLfA3nLeZjaLMNV6WjVje57fz8QGOLCVF6dyRH15G8rfJ9W3Ka50XCUN4XmEHSPo7FBQ==}
    engines: {node: '>= 10'}
    cpu: [arm64]
    os: [linux]
    requiresBuild: true
    dev: false
    optional: true

  /@napi-rs/canvas-linux-arm64-musl@0.1.41:
    resolution: {integrity: sha512-DIfPcnHbSzuRl3CieMA1Bd5Wou3WDyFOdjS1kCM1x5B1RkirAZ+LfxcuWvGX2CEg4tL8Yd/vktKuFR/X9RFcSg==}
    engines: {node: '>= 10'}
    cpu: [arm64]
    os: [linux]
    requiresBuild: true
    dev: false
    optional: true

  /@napi-rs/canvas-linux-x64-gnu@0.1.41:
    resolution: {integrity: sha512-tKyzC0ZgqwuB9k0GvnOTCh05x+CQQ1zBbvv9ISjCm4+Pr5m0o3wQwi2M3kNk3NmhaJyWFc5OUOEFp5Ux2Gdvyg==}
    engines: {node: '>= 10'}
    cpu: [x64]
    os: [linux]
    requiresBuild: true
    dev: false
    optional: true

  /@napi-rs/canvas-linux-x64-musl@0.1.41:
    resolution: {integrity: sha512-MRnLn5ftkC3E4XK2lol+ya3SE9PpfTxMjDpgbF4/d2i+AkT5vNF7yJJGfblzBOtgwO4g7plmAHQJ2Dv18BXtgw==}
    engines: {node: '>= 10'}
    cpu: [x64]
    os: [linux]
    requiresBuild: true
    dev: false
    optional: true

  /@napi-rs/canvas-win32-x64-msvc@0.1.41:
    resolution: {integrity: sha512-e2L/VLJR/glc0vUACVBSL+VpbrfIRRuJU183t5jrOnaLFvVZHH/0iCF9ph9CUN/kKSg2cU84oGrnfJIsuPglSQ==}
    engines: {node: '>= 10'}
    cpu: [x64]
    os: [win32]
    requiresBuild: true
    dev: false
    optional: true

  /@napi-rs/canvas@0.1.41:
    resolution: {integrity: sha512-JjdMfKyXox09KgC3fNB4+x0M/rwufIWrfcBDU0BuF6jKVhlSSSNy7D2WEX4zs5NgWHeiArHCXLtJ0dW6KyK7GQ==}
    engines: {node: '>= 10'}
    optionalDependencies:
      '@napi-rs/canvas-android-arm64': 0.1.41
      '@napi-rs/canvas-darwin-arm64': 0.1.41
      '@napi-rs/canvas-darwin-x64': 0.1.41
      '@napi-rs/canvas-linux-arm-gnueabihf': 0.1.41
      '@napi-rs/canvas-linux-arm64-gnu': 0.1.41
      '@napi-rs/canvas-linux-arm64-musl': 0.1.41
      '@napi-rs/canvas-linux-x64-gnu': 0.1.41
      '@napi-rs/canvas-linux-x64-musl': 0.1.41
      '@napi-rs/canvas-win32-x64-msvc': 0.1.41
    dev: false
